
Microsoft Visual Studio Solution File, Format Version 12.00
# Visual Studio Version 17
VisualStudioVersion = 17.5.002.0
MinimumVisualStudioVersion = 10.0.40219.1
Project("{9A19103F-16F7-4668-BE54-9A1E7A4F7556}") = "Task1", "Task1\Task1.csproj", "{9CB36BAA-85A7-4855-B75E-D3C7A8E9214C}"
EndProject
Global
	GlobalSection(SolutionConfigurationPlatforms) = preSolution
		Debug|Any CPU = Debug|Any CPU
		Release|Any CPU = Release|Any CPU
	EndGlobalSection
	GlobalSection(ProjectConfigurationPlatforms) = postSolution
		{9CB36BAA-85A7-4855-B75E-D3C7A8E9214C}.Debug|Any CPU.ActiveCfg = Debug|Any CPU
		{9CB36BAA-85A7-4855-B75E-D3C7A8E9214C}.Debug|Any CPU.Build.0 = Debug|Any CPU
		{9CB36BAA-85A7-4855-B75E-D3C7A8E9214C}.Release|Any CPU.ActiveCfg = Release|Any CPU
		{9CB36BAA-85A7-4855-B75E-D3C7A8E9214C}.Release|Any CPU.Build.0 = Release|Any CPU
	EndGlobalSection
	GlobalSection(SolutionProperties) = preSolution
		HideSolutionNode = FALSE
	EndGlobalSection
	GlobalSection(ExtensibilityGlobals) = postSolution
		SolutionGuid = {399B107E-DD62-4F4D-8D40-0BFE24B5EE62}
	EndGlobalSection
EndGlobal
